// !$*UTF8*$!
{
	archiveVersion = 1;
	classes = {
	};
	objectVersion = 77;
	objects = {

/* Begin PBXBuildFile section */
		0FDDAB2B2F2E0E2200207967 /* AppAuth in Frameworks */ = {isa = PBXBuildFile; productRef = A1B2C3D4E5F60002 /* AppAuth */; };
		0FE7A8492F641F0400524C3E /* Secrets.xcconfig in Resources */ = {isa = PBXBuildFile; fileRef = 0FE7A8482F641F0400524C3E /* Secrets.xcconfig */; };
/* End PBXBuildFile section */

/* Begin PBXContainerItemProxy section */
		0FE526E12F2BD108002C9449 /* PBXContainerItemProxy */ = {
			isa = PBXContainerItemProxy;
			containerPortal = 0FE526C92F2BD101002C9449 /* Project object */;
			proxyType = 1;
			remoteGlobalIDString = 0FE526D02F2BD101002C9449;
			remoteInfo = PIRATEN;
		};
		0FE526EB2F2BD108002C9449 /* PBXContainerItemProxy */ = {
			isa = PBXContainerItemProxy;
			containerPortal = 0FE526C92F2BD101002C9449 /* Project object */;
			proxyType = 1;
			remoteGlobalIDString = 0FE526D02F2BD101002C9449;
			remoteInfo = PIRATEN;
		};
/* End PBXContainerItemProxy section */

/* Begin PBXFileReference section */
		0FE526D12F2BD101002C9449 /* PIRATEN.app */ = {isa = PBXFileReference; explicitFileType = wrapper.application; includeInIndex = 0; path = PIRATEN.app; sourceTree = BUILT_PRODUCTS_DIR; };
		0FE526E02F2BD108002C9449 /* PIRATENTests.xctest */ = {isa = PBXFileReference; explicitFileType = wrapper.cfbundle; includeInIndex = 0; path = PIRATENTests.xctest; sourceTree = BUILT_PRODUCTS_DIR; };
		0FE526EA2F2BD108002C9449 /* PIRATENUITests.xctest */ = {isa = PBXFileReference; explicitFileType = wrapper.cfbundle; includeInIndex = 0; path = PIRATENUITests.xctest; sourceTree = BUILT_PRODUCTS_DIR; };
		0FE7A8482F641F0400524C3E /* Secrets.xcconfig */ = {isa = PBXFileReference; lastKnownFileType = text.xcconfig; path = Secrets.xcconfig; sourceTree = "<group>"; };
/* End PBXFileReference section */

/* Begin PBXFileSystemSynchronizedBuildFileExceptionSet section */
		0FE527032F2E100000000001 /* Exceptions for "PIRATEN" folder in "PIRATEN" target */ = {
			isa = PBXFileSystemSynchronizedBuildFileExceptionSet;
			membershipExceptions = (
				Info.plist,
			);
			target = 0FE526D02F2BD101002C9449 /* PIRATEN */;
		};
/* End PBXFileSystemSynchronizedBuildFileExceptionSet section */

/* Begin PBXFileSystemSynchronizedRootGroup section */
		0FE526D32F2BD101002C9449 /* PIRATEN */ = {
			isa = PBXFileSystemSynchronizedRootGroup;
			exceptions = (
				0FE527032F2E100000000001 /* Exceptions for "PIRATEN" folder in "PIRATEN" target */,
			);
			path = PIRATEN;
			sourceTree = "<group>";
		};
		0FE526E32F2BD108002C9449 /* PIRATENTests */ = {
			isa = PBXFileSystemSynchronizedRootGroup;
			path = PIRATENTests;
			sourceTree = "<group>";
		};
		0FE526ED2F2BD108002C9449 /* PIRATENUITests */ = {
			isa = PBXFileSystemSynchronizedRootGroup;
			path = PIRATENUITests;
			sourceTree = "<group>";
		};
/* End PBXFileSystemSynchronizedRootGroup section */

/* Begin PBXFrameworksBuildPhase section */
		0FE526CE2F2BD101002C9449 /* Frameworks */ = {
			isa = PBXFrameworksBuildPhase;
			buildActionMask = 2147483647;
			files = (
				0FDDAB2B2F2E0E2200207967 /* AppAuth in Frameworks */,
			);
			runOnlyForDeploymentPostprocessing = 0;
		};
		0FE526DD2F2BD108002C9449 /* Frameworks */ = {
			isa = PBXFrameworksBuildPhase;
			buildActionMask = 2147483647;
			files = (
			);
			runOnlyForDeploymentPostprocessing = 0;
		};
		0FE526E72F2BD108002C9449 /* Frameworks */ = {
			isa = PBXFrameworksBuildPhase;
			buildActionMask = 2147483647;
			files = (
			);
			runOnlyForDeploymentPostprocessing = 0;
		};
/* End PBXFrameworksBuildPhase section */

/* Begin PBXGroup section */
		0FE526C82F2BD101002C9449 = {
			isa = PBXGroup;
			children = (
				0FE526D32F2BD101002C9449 /* PIRATEN */,
				0FE526E32F2BD108002C9449 /* PIRATENTests */,
				0FE526ED2F2BD108002C9449 /* PIRATENUITests */,
				0FE526D22F2BD101002C9449 /* Products */,
				0FE526FF2F2BD200002C9449 /* Config */,
			);
			sourceTree = "<group>";
		};
		0FE526D22F2BD101002C9449 /* Products */ = {
			isa = PBXGroup;
			children = (
				0FE526D12F2BD101002C9449 /* PIRATEN.app */,
				0FE526E02F2BD108002C9449 /* PIRATENTests.xctest */,
				0FE526EA2F2BD108002C9449 /* PIRATENUITests.xctest */,
			);
			name = Products;
			sourceTree = "<group>";
		};
		0FE526FF2F2BD200002C9449 /* Config */ = {
			isa = PBXGroup;
			children = (
				0FE7A8482F641F0400524C3E /* Secrets.xcconfig */,
			);
			path = Config;
			sourceTree = SOURCE_ROOT;
		};
/* End PBXGroup section */

/* Begin PBXNativeTarget section */
		0FE526D02F2BD101002C9449 /* PIRATEN */ = {
			isa = PBXNativeTarget;
			buildConfigurationList = 0FE526F42F2BD108002C9449 /* Build configuration list for PBXNativeTarget "PIRATEN" */;
			buildPhases = (
				0FE526CD2F2BD101002C9449 /* Sources */,
				0FE526CE2F2BD101002C9449 /* Frameworks */,
				0FE526CF2F2BD101002C9449 /* Resources */,
			);
			buildRules = (
			);
			dependencies = (
			);
			fileSystemSynchronizedGroups = (
				0FE526D32F2BD101002C9449 /* PIRATEN */,
			);
			name = PIRATEN;
			packageProductDependencies = (
				A1B2C3D4E5F60002 /* AppAuth */,
			);
			productName = PIRATEN;
			productReference = 0FE526D12F2BD101002C9449 /* PIRATEN.app */;
			productType = "com.apple.product-type.application";
		};
		0FE526DF2F2BD108002C9449 /* PIRATENTests */ = {
			isa = PBXNativeTarget;
			buildConfigurationList = 0FE526F72F2BD108002C9449 /* Build configuration list for PBXNativeTarget "PIRATENTests" */;
			buildPhases = (
				0FE526DC2F2BD108002C9449 /* Sources */,
				0FE526DD2F2BD108002C9449 /* Frameworks */,
				0FE526DE2F2BD108002C9449 /* Resources */,
			);
			buildRules = (
			);
			dependencies = (
				0FE526E22F2BD108002C9449 /* PBXTargetDependency */,
			);
			fileSystemSynchronizedGroups = (
				0FE526E32F2BD108002C9449 /* PIRATENTests */,
			);
			name = PIRATENTests;
			packageProductDependencies = (
			);
			productName = PIRATENTests;
			productReference = 0FE526E02F2BD108002C9449 /* PIRATENTests.xctest */;
			productType = "com.apple.product-type.bundle.unit-test";
		};
		0FE526E92F2BD108002C9449 /* PIRATENUITests */ = {
			isa = PBXNativeTarget;
			buildConfigurationList = 0FE526FA2F2BD108002C9449 /* Build configuration list for PBXNativeTarget "PIRATENUITests" */;
			buildPhases = (
				0FE526E62F2BD108002C9449 /* Sources */,
				0FE526E72F2BD108002C9449 /* Frameworks */,
				0FE526E82F2BD108002C9449 /* Resources */,
			);
			buildRules = (
			);
			dependencies = (
				0FE526EC2F2BD108002C9449 /* PBXTargetDependency */,
			);
			fileSystemSynchronizedGroups = (
				0FE526ED2F2BD108002C9449 /* PIRATENUITests */,
			);
			name = PIRATENUITests;
			packageProductDependencies = (
			);
			productName = PIRATENUITests;
			productReference = 0FE526EA2F2BD108002C9449 /* PIRATENUITests.xctest */;
			productType = "com.apple.product-type.bundle.ui-testing";
		};
/* End PBXNativeTarget section */

/* Begin PBXProject section */
		0FE526C92F2BD101002C9449 /* Project object */ = {
			isa = PBXProject;
			attributes = {
				BuildIndependentTargetsInParallel = 1;
				LastSwiftUpdateCheck = 2620;
				LastUpgradeCheck = 2630;
				TargetAttributes = {
					0FE526D02F2BD101002C9449 = {
						CreatedOnToolsVersion = 26.2;
					};
					0FE526DF2F2BD108002C9449 = {
						CreatedOnToolsVersion = 26.2;
						TestTargetID = 0FE526D02F2BD101002C9449;
					};
					0FE526E92F2BD108002C9449 = {
						CreatedOnToolsVersion = 26.2;
						TestTargetID = 0FE526D02F2BD101002C9449;
					};
				};
			};
			buildConfigurationList = 0FE526CC2F2BD101002C9449 /* Build configuration list for PBXProject "PIRATEN" */;
			developmentRegion = en;
			hasScannedForEncodings = 0;
			knownRegions = (
				en,
				Base,
			);
			mainGroup = 0FE526C82F2BD101002C9449;
			minimizedProjectReferenceProxies = 1;
			packageReferences = (
				A1B2C3D4E5F60001 /* XCRemoteSwiftPackageReference "AppAuth-iOS" */,
			);
			preferredProjectObjectVersion = 77;
			productRefGroup = 0FE526D22F2BD101002C9449 /* Products */;
			projectDirPath = "";
			projectRoot = "";
			targets = (
				0FE526D02F2BD101002C9449 /* PIRATEN */,
				0FE526DF2F2BD108002C9449 /* PIRATENTests */,
				0FE526E92F2BD108002C9449 /* PIRATENUITests */,
			);
		};
/* End PBXProject section */

/* Begin PBXResourcesBuildPhase section */
		0FE526CF2F2BD101002C9449 /* Resources */ = {
			isa = PBXResourcesBuildPhase;
			buildActionMask = 2147483647;
			files = (
				0FE7A8492F641F0400524C3E /* Secrets.xcconfig in Resources */,
			);
			runOnlyForDeploymentPostprocessing = 0;
		};
		0FE526DE2F2BD108002C9449 /* Resources */ = {
			isa = PBXResourcesBuildPhase;
			buildActionMask = 2147483647;
			files = (
			);
			runOnlyForDeploymentPostprocessing = 0;
		};
		0FE526E82F2BD108002C9449 /* Resources */ = {
			isa = PBXResourcesBuildPhase;
			buildActionMask = 2147483647;
			files = (
			);
			runOnlyForDeploymentPostprocessing = 0;
		};
/* End PBXResourcesBuildPhase section */

/* Begin PBXSourcesBuildPhase section */
		0FE526CD2F2BD101002C9449 /* Sources */ = {
			isa = PBXSourcesBuildPhase;
			buildActionMask = 2147483647;
			files = (
			);
			runOnlyForDeploymentPostprocessing = 0;
		};
		0FE526DC2F2BD108002C9449 /* Sources */ = {
			isa = PBXSourcesBuildPhase;
			buildActionMask = 2147483647;
			files = (
			);
			runOnlyForDeploymentPostprocessing = 0;
		};
		0FE526E62F2BD108002C9449 /* Sources */ = {
			isa = PBXSourcesBuildPhase;
			buildActionMask = 2147483647;
			files = (
			);
			runOnlyForDeploymentPostprocessing = 0;
		};
/* End PBXSourcesBuildPhase section */

/* Begin PBXTargetDependency section */
		0FE526E22F2BD108002C9449 /* PBXTargetDependency */ = {
			isa = PBXTargetDependency;
			target = 0FE526D02F2BD101002C9449 /* PIRATEN */;
			targetProxy = 0FE526E12F2BD108002C9449 /* PBXContainerItemProxy */;
		};
		0FE526EC2F2BD108002C9449 /* PBXTargetDependency */ = {
			isa = PBXTargetDependency;
			target = 0FE526D02F2BD101002C9449 /* PIRATEN */;
			targetProxy = 0FE526EB2F2BD108002C9449 /* PBXContainerItemProxy */;
		};
/* End PBXTargetDependency section */

/* Begin XCBuildConfiguration section */
		0FE526F22F2BD108002C9449 /* Debug */ = {
			isa = XCBuildConfiguration;
			baseConfigurationReference = 0FE7A8482F641F0400524C3E /* Secrets.xcconfig */;
			buildSettings = {
				ALWAYS_SEARCH_USER_PATHS = NO;
				ASSETCATALOG_COMPILER_GENERATE_SWIFT_ASSET_SYMBOL_EXTENSIONS = YES;
				CLANG_ANALYZER_NONNULL = YES;
				CLANG_ANALYZER_NUMBER_OBJECT_CONVERSION = YES_AGGRESSIVE;
				CLANG_CXX_LANGUAGE_STANDARD = "gnu++20";
				CLANG_ENABLE_MODULES = YES;
				CLANG_ENABLE_OBJC_ARC = YES;
				CLANG_ENABLE_OBJC_WEAK = YES;
				CLANG_WARN_BLOCK_CAPTURE_AUTORELEASING = YES;
				CLANG_WARN_BOOL_CONVERSION = YES;
				CLANG_WARN_COMMA = YES;
				CLANG_WARN_CONSTANT_CONVERSION = YES;
				CLANG_WARN_DEPRECATED_OBJC_IMPLEMENTATIONS = YES;
				CLANG_WARN_DIRECT_OBJC_ISA_USAGE = YES_ERROR;
				CLANG_WARN_DOCUMENTATION_COMMENTS = YES;
				CLANG_WARN_EMPTY_BODY = YES;
				CLANG_WARN_ENUM_CONVERSION = YES;
				CLANG_WARN_INFINITE_RECURSION = YES;
				CLANG_WARN_INT_CONVERSION = YES;
				CLANG_WARN_NON_LITERAL_NULL_CONVERSION = YES;
				CLANG_WARN_OBJC_IMPLICIT_RETAIN_SELF = YES;
				CLANG_WARN_OBJC_LITERAL_CONVERSION = YES;
				CLANG_WARN_OBJC_ROOT_CLASS = YES_ERROR;
				CLANG_WARN_QUOTED_INCLUDE_IN_FRAMEWORK_HEADER = YES;
				CLANG_WARN_RANGE_LOOP_ANALYSIS = YES;
				CLANG_WARN_STRICT_PROTOTYPES = YES;
				CLANG_WARN_SUSPICIOUS_MOVE = YES;
				CLANG_WARN_UNGUARDED_AVAILABILITY = YES_AGGRESSIVE;
				CLANG_WARN_UNREACHABLE_CODE = YES;
				CLANG_WARN__DUPLICATE_METHOD_MATCH = YES;
				COPY_PHASE_STRIP = NO;
				DEBUG_INFORMATION_FORMAT = dwarf;
				DEVELOPMENT_TEAM = AJ6EE3AM82;
				ENABLE_STRICT_OBJC_MSGSEND = YES;
				ENABLE_TESTABILITY = YES;
				ENABLE_USER_SCRIPT_SANDBOXING = YES;
				GCC_C_LANGUAGE_STANDARD = gnu17;
				GCC_DYNAMIC_NO_PIC = NO;
				GCC_NO_COMMON_BLOCKS = YES;
				GCC_OPTIMIZATION_LEVEL = 0;
				GCC_PREPROCESSOR_DEFINITIONS = (
					"DEBUG=1",
					"$(inherited)",
				);
				GCC_WARN_64_TO_32_BIT_CONVERSION = YES;
				GCC_WARN_ABOUT_RETURN_TYPE = YES_ERROR;
				GCC_WARN_UNDECLARED_SELECTOR = YES;
				GCC_WARN_UNINITIALIZED_AUTOS = YES_AGGRESSIVE;
				GCC_WARN_UNUSED_FUNCTION = YES;
				GCC_WARN_UNUSED_VARIABLE = YES;
				IPHONEOS_DEPLOYMENT_TARGET = 26.2;
				LOCALIZATION_PREFERS_STRING_CATALOGS = YES;
				MTL_ENABLE_DEBUG_INFO = INCLUDE_SOURCE;
				MTL_FAST_MATH = YES;
				ONLY_ACTIVE_ARCH = YES;
				SDKROOT = iphoneos;
				STRING_CATALOG_GENERATE_SYMBOLS = YES;
				SWIFT_ACTIVE_COMPILATION_CONDITIONS = "DEBUG $(inherited)";
				SWIFT_OPTIMIZATION_LEVEL = "-Onone";
			};
			name = Debug;
		};
		0FE526F32F2BD108002C9449 /* Release */ = {
			isa = XCBuildConfiguration;
			baseConfigurationReference = 0FE7A8482F641F0400524C3E /* Secrets.xcconfig */;
			buildSettings = {
				ALWAYS_SEARCH_USER_PATHS = NO;
				ASSETCATALOG_COMPILER_GENERATE_SWIFT_ASSET_SYMBOL_EXTENSIONS = YES;
				CLANG_ANALYZER_NONNULL = YES;
				CLANG_ANALYZER_NUMBER_OBJECT_CONVERSION = YES_AGGRESSIVE;
				CLANG_CXX_LANGUAGE_STANDARD = "gnu++20";
				CLANG_ENABLE_MODULES = YES;
				CLANG_ENABLE_OBJC_ARC = YES;
				CLANG_ENABLE_OBJC_WEAK = YES;
				CLANG_WARN_BLOCK_CAPTURE_AUTORELEASING = YES;
				CLANG_WARN_BOOL_CONVERSION = YES;
				CLANG_WARN_COMMA = YES;
				CLANG_WARN_CONSTANT_CONVERSION = YES;
				CLANG_WARN_DEPRECATED_OBJC_IMPLEMENTATIONS = YES;
				CLANG_WARN_DIRECT_OBJC_ISA_USAGE = YES_ERROR;
				CLANG_WARN_DOCUMENTATION_COMMENTS = YES;
				CLANG_WARN_EMPTY_BODY = YES;
				CLANG_WARN_ENUM_CONVERSION = YES;
				CLANG_WARN_INFINITE_RECURSION = YES;
				CLANG_WARN_INT_CONVERSION = YES;
				CLANG_WARN_NON_LITERAL_NULL_CONVERSION = YES;
				CLANG_WARN_OBJC_IMPLICIT_RETAIN_SELF = YES;
				CLANG_WARN_OBJC_LITERAL_CONVERSION = YES;
				CLANG_WARN_OBJC_ROOT_CLASS = YES_ERROR;
				CLANG_WARN_QUOTED_INCLUDE_IN_FRAMEWORK_HEADER = YES;
				CLANG_WARN_RANGE_LOOP_ANALYSIS = YES;
				CLANG_WARN_STRICT_PROTOTYPES = YES;
				CLANG_WARN_SUSPICIOUS_MOVE = YES;
				CLANG_WARN_UNGUARDED_AVAILABILITY = YES_AGGRESSIVE;
				CLANG_WARN_UNREACHABLE_CODE = YES;
				CLANG_WARN__DUPLICATE_METHOD_MATCH = YES;
				COPY_PHASE_STRIP = NO;
				DEBUG_INFORMATION_FORMAT = "dwarf-with-dsym";
				DEVELOPMENT_TEAM = AJ6EE3AM82;
				ENABLE_NS_ASSERTIONS = NO;
				ENABLE_STRICT_OBJC_MSGSEND = YES;
				ENABLE_USER_SCRIPT_SANDBOXING = YES;
				GCC_C_LANGUAGE_STANDARD = gnu17;
				GCC_NO_COMMON_BLOCKS = YES;
				GCC_WARN_64_TO_32_BIT_CONVERSION = YES;
				GCC_WARN_ABOUT_RETURN_TYPE = YES_ERROR;
				GCC_WARN_UNDECLARED_SELECTOR = YES;
				GCC_WARN_UNINITIALIZED_AUTOS = YES_AGGRESSIVE;
				GCC_WARN_UNUSED_FUNCTION = YES;
				GCC_WARN_UNUSED_VARIABLE = YES;
				IPHONEOS_DEPLOYMENT_TARGET = 26.2;
				LOCALIZATION_PREFERS_STRING_CATALOGS = YES;
				MTL_ENABLE_DEBUG_INFO = NO;
				MTL_FAST_MATH = YES;
				SDKROOT = iphoneos;
				STRING_CATALOG_GENERATE_SYMBOLS = YES;
				SWIFT_COMPILATION_MODE = wholemodule;
				VALIDATE_PRODUCT = YES;
			};
			name = Release;
		};
		0FE526F52F2BD108002C9449 /* Debug */ = {
			isa = XCBuildConfiguration;
			buildSettings = {
				ASSETCATALOG_COMPILER_APPICON_NAME = AppIcon;
				ASSETCATALOG_COMPILER_GLOBAL_ACCENT_COLOR_NAME = AccentColor;
				CODE_SIGN_ENTITLEMENTS = PIRATEN/PIRATEN.entitlements;
				CODE_SIGN_STYLE = Automatic;
				CURRENT_PROJECT_VERSION = 4;
				DEVELOPMENT_TEAM = AJ6EE3AM82;
				ENABLE_PREVIEWS = YES;
				GENERATE_INFOPLIST_FILE = YES;
				INFOPLIST_FILE = PIRATEN/Info.plist;
				INFOPLIST_KEY_CFBundleDisplayName = "Meine PIRATEN";
				INFOPLIST_KEY_LSApplicationCategoryType = "public.app-category.social-networking";
				INFOPLIST_KEY_UIApplicationSceneManifest_Generation = YES;
				INFOPLIST_KEY_UIApplicationSupportsIndirectInputEvents = YES;
				INFOPLIST_KEY_UILaunchScreen_Generation = YES;
				INFOPLIST_KEY_UISupportedInterfaceOrientations_iPad = "UIInterfaceOrientationPortrait UIInterfaceOrientationPortraitUpsideDown UIInterfaceOrientationLandscapeLeft UIInterfaceOrientationLandscapeRight";
				INFOPLIST_KEY_UISupportedInterfaceOrientations_iPhone = "UIInterfaceOrientationPortrait UIInterfaceOrientationLandscapeLeft UIInterfaceOrientationLandscapeRight";
				LD_RUNPATH_SEARCH_PATHS = (
					"$(inherited)",
					"@executable_path/Frameworks",
				);
				MARKETING_VERSION = 1.0;
				PRODUCT_BUNDLE_IDENTIFIER = "de.meine-piraten.PIRATEN";
				PRODUCT_NAME = "$(TARGET_NAME)";
				STRING_CATALOG_GENERATE_SYMBOLS = YES;
				SUPPORTED_PLATFORMS = "iphoneos iphonesimulator";
				SUPPORTS_MACCATALYST = NO;
				SUPPORTS_MAC_DESIGNED_FOR_IPHONE_IPAD = NO;
				SUPPORTS_XR_DESIGNED_FOR_IPHONE_IPAD = NO;
				SWIFT_APPROACHABLE_CONCURRENCY = YES;
				SWIFT_DEFAULT_ACTOR_ISOLATION = MainActor;
				SWIFT_EMIT_LOC_STRINGS = YES;
				SWIFT_UPCOMING_FEATURE_MEMBER_IMPORT_VISIBILITY = YES;
				SWIFT_VERSION = 5.0;
				TARGETED_DEVICE_FAMILY = 1;
			};
			name = Debug;
		};
		0FE526F62F2BD108002C9449 /* Release */ = {
			isa = XCBuildConfiguration;
			buildSettings = {
				ASSETCATALOG_COMPILER_APPICON_NAME = AppIcon;
				ASSETCATALOG_COMPILER_GLOBAL_ACCENT_COLOR_NAME = AccentColor;
				CODE_SIGN_ENTITLEMENTS = PIRATEN/PIRATEN.entitlements;
				CODE_SIGN_STYLE = Automatic;
				CURRENT_PROJECT_VERSION = 4;
				DEVELOPMENT_TEAM = AJ6EE3AM82;
				ENABLE_PREVIEWS = YES;
				GENERATE_INFOPLIST_FILE = YES;
				INFOPLIST_FILE = PIRATEN/Info.plist;
				INFOPLIST_KEY_CFBundleDisplayName = "Meine PIRATEN";
				INFOPLIST_KEY_LSApplicationCategoryType = "public.app-category.social-networking";
				INFOPLIST_KEY_UIApplicationSceneManifest_Generation = YES;
				INFOPLIST_KEY_UIApplicationSupportsIndirectInputEvents = YES;
				INFOPLIST_KEY_UILaunchScreen_Generation = YES;
				INFOPLIST_KEY_UISupportedInterfaceOrientations_iPad = "UIInterfaceOrientationPortrait UIInterfaceOrientationPortraitUpsideDown UIInterfaceOrientationLandscapeLeft UIInterfaceOrientationLandscapeRight";
				INFOPLIST_KEY_UISupportedInterfaceOrientations_iPhone = "UIInterfaceOrientationPortrait UIInterfaceOrientationLandscapeLeft UIInterfaceOrientationLandscapeRight";
				LD_RUNPATH_SEARCH_PATHS = (
					"$(inherited)",
					"@executable_path/Frameworks",
				);
				MARKETING_VERSION = 1.0;
				PRODUCT_BUNDLE_IDENTIFIER = "de.meine-piraten.PIRATEN";
				PRODUCT_NAME = "$(TARGET_NAME)";
				STRING_CATALOG_GENERATE_SYMBOLS = YES;
				SUPPORTED_PLATFORMS = "iphoneos iphonesimulator";
				SUPPORTS_MACCATALYST = NO;
				SUPPORTS_MAC_DESIGNED_FOR_IPHONE_IPAD = NO;
				SUPPORTS_XR_DESIGNED_FOR_IPHONE_IPAD = NO;
				SWIFT_APPROACHABLE_CONCURRENCY = YES;
				SWIFT_DEFAULT_ACTOR_ISOLATION = MainActor;
				SWIFT_EMIT_LOC_STRINGS = YES;
				SWIFT_UPCOMING_FEATURE_MEMBER_IMPORT_VISIBILITY = YES;
				SWIFT_VERSION = 5.0;
				TARGETED_DEVICE_FAMILY = 1;
			};
			name = Release;
		};
		0FE526F82F2BD108002C9449 /* Debug */ = {
			isa = XCBuildConfiguration;
			buildSettings = {
				BUNDLE_LOADER = "$(TEST_HOST)";
				CODE_SIGN_STYLE = Automatic;
				CURRENT_PROJECT_VERSION = 1;
				DEVELOPMENT_TEAM = AJ6EE3AM82;
				GENERATE_INFOPLIST_FILE = YES;
				IPHONEOS_DEPLOYMENT_TARGET = 26.2;
				MARKETING_VERSION = 1.0;
				PRODUCT_BUNDLE_IDENTIFIER = "de.meine-piraten.PIRATENTests";
				PRODUCT_NAME = "$(TARGET_NAME)";
				STRING_CATALOG_GENERATE_SYMBOLS = NO;
				SWIFT_APPROACHABLE_CONCURRENCY = YES;
				SWIFT_EMIT_LOC_STRINGS = NO;
				SWIFT_UPCOMING_FEATURE_MEMBER_IMPORT_VISIBILITY = YES;
				SWIFT_VERSION = 5.0;
				TARGETED_DEVICE_FAMILY = "1,2";
				TEST_HOST = "$(BUILT_PRODUCTS_DIR)/PIRATEN.app/$(BUNDLE_EXECUTABLE_FOLDER_PATH)/PIRATEN";
			};
			name = Debug;
		};
		0FE526F92F2BD108002C9449 /* Release */ = {
			isa = XCBuildConfiguration;
			buildSettings = {
				BUNDLE_LOADER = "$(TEST_HOST)";
				CODE_SIGN_STYLE = Automatic;
				CURRENT_PROJECT_VERSION = 1;
				DEVELOPMENT_TEAM = AJ6EE3AM82;
				GENERATE_INFOPLIST_FILE = YES;
				IPHONEOS_DEPLOYMENT_TARGET = 26.2;
				MARKETING_VERSION = 1.0;
				PRODUCT_BUNDLE_IDENTIFIER = "de.meine-piraten.PIRATENTests";
				PRODUCT_NAME = "$(TARGET_NAME)";
				STRING_CATALOG_GENERATE_SYMBOLS = NO;
				SWIFT_APPROACHABLE_CONCURRENCY = YES;
				SWIFT_EMIT_LOC_STRINGS = NO;
				SWIFT_UPCOMING_FEATURE_MEMBER_IMPORT_VISIBILITY = YES;
				SWIFT_VERSION = 5.0;
				TARGETED_DEVICE_FAMILY = "1,2";
				TEST_HOST = "$(BUILT_PRODUCTS_DIR)/PIRATEN.app/$(BUNDLE_EXECUTABLE_FOLDER_PATH)/PIRATEN";
			};
			name = Release;
		};
		0FE526FB2F2BD108002C9449 /* Debug */ = {
			isa = XCBuildConfiguration;
			buildSettings = {
				CODE_SIGN_STYLE = Automatic;
				CURRENT_PROJECT_VERSION = 1;
				DEVELOPMENT_TEAM = AJ6EE3AM82;
				GENERATE_INFOPLIST_FILE = YES;
				MARKETING_VERSION = 1.0;
				PRODUCT_BUNDLE_IDENTIFIER = "de.meine-piraten.PIRATENUITests";
				PRODUCT_NAME = "$(TARGET_NAME)";
				STRING_CATALOG_GENERATE_SYMBOLS = NO;
				SWIFT_APPROACHABLE_CONCURRENCY = YES;
				SWIFT_EMIT_LOC_STRINGS = NO;
				SWIFT_UPCOMING_FEATURE_MEMBER_IMPORT_VISIBILITY = YES;
				SWIFT_VERSION = 5.0;
				TARGETED_DEVICE_FAMILY = "1,2";
				TEST_TARGET_NAME = PIRATEN;
			};
			name = Debug;
		};
		0FE526FC2F2BD108002C9449 /* Release */ = {
			isa = XCBuildConfiguration;
			buildSettings = {
				CODE_SIGN_STYLE = Automatic;
				CURRENT_PROJECT_VERSION = 1;
				DEVELOPMENT_TEAM = AJ6EE3AM82;
				GENERATE_INFOPLIST_FILE = YES;
				MARKETING_VERSION = 1.0;
				PRODUCT_BUNDLE_IDENTIFIER = "de.meine-piraten.PIRATENUITests";
				PRODUCT_NAME = "$(TARGET_NAME)";
				STRING_CATALOG_GENERATE_SYMBOLS = NO;
				SWIFT_APPROACHABLE_CONCURRENCY = YES;
				SWIFT_EMIT_LOC_STRINGS = NO;
				SWIFT_UPCOMING_FEATURE_MEMBER_IMPORT_VISIBILITY = YES;
				SWIFT_VERSION = 5.0;
				TARGETED_DEVICE_FAMILY = "1,2";
				TEST_TARGET_NAME = PIRATEN;
			};
			name = Release;
		};
/* End XCBuildConfiguration section */

/* Begin XCConfigurationList section */
		0FE526CC2F2BD101002C9449 /* Build configuration list for PBXProject "PIRATEN" */ = {
			isa = XCConfigurationList;
			buildConfigurations = (
				0FE526F22F2BD108002C9449 /* Debug */,
				0FE526F32F2BD108002C9449 /* Release */,
			);
			defaultConfigurationIsVisible = 0;
			defaultConfigurationName = Release;
		};
		0FE526F42F2BD108002C9449 /* Build configuration list for PBXNativeTarget "PIRATEN" */ = {
			isa = XCConfigurationList;
			buildConfigurations = (
				0FE526F52F2BD108002C9449 /* Debug */,
				0FE526F62F2BD108002C9449 /* Release */,
			);
			defaultConfigurationIsVisible = 0;
			defaultConfigurationName = Release;
		};
		0FE526F72F2BD108002C9449 /* Build configuration list for PBXNativeTarget "PIRATENTests" */ = {
			isa = XCConfigurationList;
			buildConfigurations = (
				0FE526F82F2BD108002C9449 /* Debug */,
				0FE526F92F2BD108002C9449 /* Release */,
			);
			defaultConfigurationIsVisible = 0;
			defaultConfigurationName = Release;
		};
		0FE526FA2F2BD108002C9449 /* Build configuration list for PBXNativeTarget "PIRATENUITests" */ = {
			isa = XCConfigurationList;
			buildConfigurations = (
				0FE526FB2F2BD108002C9449 /* Debug */,
				0FE526FC2F2BD108002C9449 /* Release */,
			);
			defaultConfigurationIsVisible = 0;
			defaultConfigurationName = Release;
		};
/* End XCConfigurationList section */

/* Begin XCRemoteSwiftPackageReference section */
		A1B2C3D4E5F60001 /* XCRemoteSwiftPackageReference "AppAuth-iOS" */ = {
			isa = XCRemoteSwiftPackageReference;
			repositoryURL = "https://github.com/openid/AppAuth-iOS.git";
			requirement = {
				kind = upToNextMajorVersion;
				minimumVersion = 1.7.0;
			};
		};
/* End XCRemoteSwiftPackageReference section */

/* Begin XCSwiftPackageProductDependency section */
		A1B2C3D4E5F60002 /* AppAuth */ = {
			isa = XCSwiftPackageProductDependency;
			package = A1B2C3D4E5F60001 /* XCRemoteSwiftPackageReference "AppAuth-iOS" */;
			productName = AppAuth;
		};
/* End XCSwiftPackageProductDependency section */
	};
	rootObject = 0FE526C92F2BD101002C9449 /* Project object */;
}
